
Microsoft Visual Studio Solution File, Format Version 12.00
# Visual Studio 15
VisualStudioVersion = 15.0.27703.2035
MinimumVisualStudioVersion = 10.0.40219.1
Project("{9A19103F-16F7-4668-BE54-9A1E7A4F7556}") = "aspnetcoregraphql", "aspnetcoregraphql.csproj", "{E2098F2A-D0BF-4F17-9EA3-6C45E7F6C4F8}"
EndProject
Global
	GlobalSection(SolutionConfigurationPlatforms) = preSolution
		Debug|Any CPU = Debug|Any CPU
		Release|Any CPU = Release|Any CPU
	EndGlobalSection
	GlobalSection(ProjectConfigurationPlatforms) = postSolution
		{E2098F2A-D0BF-4F17-9EA3-6C45E7F6C4F8}.Debug|Any CPU.ActiveCfg = Debug|Any CPU
		{E2098F2A-D0BF-4F17-9EA3-6C45E7F6C4F8}.Debug|Any CPU.Build.0 = Debug|Any CPU
		{E2098F2A-D0BF-4F17-9EA3-6C45E7F6C4F8}.Release|Any CPU.ActiveCfg = Release|Any CPU
		{E2098F2A-D0BF-4F17-9EA3-6C45E7F6C4F8}.Release|Any CPU.Build.0 = Release|Any CPU
	EndGlobalSection
	GlobalSection(SolutionProperties) = preSolution
		HideSolutionNode = FALSE
	EndGlobalSection
	GlobalSection(ExtensibilityGlobals) = postSolution
		SolutionGuid = {F049E94A-D60F-4862-A837-83B592E7AEA2}
	EndGlobalSection
EndGlobal
